// !$*UTF8*$!
{
	archiveVersion = 1;
	classes = {
	};
	objectVersion = 45;
	objects = {

/* Begin PBXBuildFile section */
		1818D696140E0991004DE3EF /* NSObject+SBJSON.m in Sources */ = {isa = PBXBuildFile; fileRef = 1818D689140E0991004DE3EF /* NSObject+SBJSON.m */; };
		1818D697140E0991004DE3EF /* NSString+SBJSON.m in Sources */ = {isa = PBXBuildFile; fileRef = 1818D68B140E0991004DE3EF /* NSString+SBJSON.m */; };
		1818D698140E0991004DE3EF /* SBJSON.m in Sources */ = {isa = PBXBuildFile; fileRef = 1818D68D140E0991004DE3EF /* SBJSON.m */; };
		1818D699140E0991004DE3EF /* SBJsonBase.m in Sources */ = {isa = PBXBuildFile; fileRef = 1818D68F140E0991004DE3EF /* SBJsonBase.m */; };
		1818D69A140E0991004DE3EF /* SBJsonParser.m in Sources */ = {isa = PBXBuildFile; fileRef = 1818D691140E0991004DE3EF /* SBJsonParser.m */; };
		1818D69B140E0991004DE3EF /* SBJsonWriter.m in Sources */ = {isa = PBXBuildFile; fileRef = 1818D693140E0991004DE3EF /* SBJsonWriter.m */; };
		1818D6D1140E0BDB004DE3EF /* webService.m in Sources */ = {isa = PBXBuildFile; fileRef = 1818D6D0140E0BDB004DE3EF /* webService.m */; };
		1818D71E140E1007004DE3EF /* WSPContinuous.m in Sources */ = {isa = PBXBuildFile; fileRef = 1818D71D140E1007004DE3EF /* WSPContinuous.m */; };
		1818D7F9140E3595004DE3EF /* NSDataAdditions.m in Sources */ = {isa = PBXBuildFile; fileRef = 1818D7F6140E3595004DE3EF /* NSDataAdditions.m */; };
		1818D7FA140E3595004DE3EF /* TBXML.m in Sources */ = {isa = PBXBuildFile; fileRef = 1818D7F8140E3595004DE3EF /* TBXML.m */; };
		1818D815140E3744004DE3EF /* libxml2.dylib in Frameworks */ = {isa = PBXBuildFile; fileRef = 1818D814140E3744004DE3EF /* libxml2.dylib */; };
		1818D831140E37D1004DE3EF /* GDataXMLNode.m in Sources */ = {isa = PBXBuildFile; fileRef = 1818D830140E37D1004DE3EF /* GDataXMLNode.m */; };
		1818D86B140E3A96004DE3EF /* GdataParser.m in Sources */ = {isa = PBXBuildFile; fileRef = 1818D86A140E3A96004DE3EF /* GdataParser.m */; };
		1818D97B140E504C004DE3EF /* TBxmlParser.m in Sources */ = {isa = PBXBuildFile; fileRef = 1818D97A140E504C004DE3EF /* TBxmlParser.m */; };
		1818DA72140E6627004DE3EF /* JSONParser.m in Sources */ = {isa = PBXBuildFile; fileRef = 1818DA71140E6627004DE3EF /* JSONParser.m */; };
		1D3623260D0F684500981E51 /* TestWebServiceAppDelegate.m in Sources */ = {isa = PBXBuildFile; fileRef = 1D3623250D0F684500981E51 /* TestWebServiceAppDelegate.m */; };
		1D60589B0D05DD56006BFB54 /* main.m in Sources */ = {isa = PBXBuildFile; fileRef = 29B97316FDCFA39411CA2CEA /* main.m */; };
		1D60589F0D05DD5A006BFB54 /* Foundation.framework in Frameworks */ = {isa = PBXBuildFile; fileRef = 1D30AB110D05D00D00671497 /* Foundation.framework */; };
		1DF5F4E00D08C38300B7A737 /* UIKit.framework in Frameworks */ = {isa = PBXBuildFile; fileRef = 1DF5F4DF0D08C38300B7A737 /* UIKit.framework */; };
		288765A50DF7441C002DB57D /* CoreGraphics.framework in Frameworks */ = {isa = PBXBuildFile; fileRef = 288765A40DF7441C002DB57D /* CoreGraphics.framework */; };
		2899E5220DE3E06400AC0155 /* TestWebServiceViewController.xib in Resources */ = {isa = PBXBuildFile; fileRef = 2899E5210DE3E06400AC0155 /* TestWebServiceViewController.xib */; };
		28AD733F0D9D9553002E5188 /* MainWindow.xib in Resources */ = {isa = PBXBuildFile; fileRef = 28AD733E0D9D9553002E5188 /* MainWindow.xib */; };
		28D7ACF80DDB3853001CB0EB /* TestWebServiceViewController.m in Sources */ = {isa = PBXBuildFile; fileRef = 28D7ACF70DDB3853001CB0EB /* TestWebServiceViewController.m */; };
		96DAF2F214179CA000092A5E /* GDataXMLElementAdditions.m in Sources */ = {isa = PBXBuildFile; fileRef = 96DAF2F114179CA000092A5E /* GDataXMLElementAdditions.m */; };
		96FAA6621480CCC000313964 /* section1.xml in Resources */ = {isa = PBXBuildFile; fileRef = 96FAA6611480CCC000313964 /* section1.xml */; };
		96FAA6651480CE2500313964 /* libz.1.2.5.dylib in Frameworks */ = {isa = PBXBuildFile; fileRef = 96FAA6641480CE2500313964 /* libz.1.2.5.dylib */; };
/* End PBXBuildFile section */

/* Begin PBXFileReference section */
		1818D687140E0991004DE3EF /* JSON.h */ = {isa = PBXFileReference; fileEncoding = 4; lastKnownFileType = sourcecode.c.h; path = JSON.h; sourceTree = "<group>"; };
		1818D688140E0991004DE3EF /* NSObject+SBJSON.h */ = {isa = PBXFileReference; fileEncoding = 4; lastKnownFileType = sourcecode.c.h; path = "NSObject+SBJSON.h"; sourceTree = "<group>"; };
		1818D689140E0991004DE3EF /* NSObject+SBJSON.m */ = {isa = PBXFileReference; fileEncoding = 4; lastKnownFileType = sourcecode.c.objc; path = "NSObject+SBJSON.m"; sourceTree = "<group>"; };
		1818D68A140E0991004DE3EF /* NSString+SBJSON.h */ = {isa = PBXFileReference; fileEncoding = 4; lastKnownFileType = sourcecode.c.h; path = "NSString+SBJSON.h"; sourceTree = "<group>"; };
		1818D68B140E0991004DE3EF /* NSString+SBJSON.m */ = {isa = PBXFileReference; fileEncoding = 4; lastKnownFileType = sourcecode.c.objc; path = "NSString+SBJSON.m"; sourceTree = "<group>"; };
		1818D68C140E0991004DE3EF /* SBJSON.h */ = {isa = PBXFileReference; fileEncoding = 4; lastKnownFileType = sourcecode.c.h; path = SBJSON.h; sourceTree = "<group>"; };
		1818D68D140E0991004DE3EF /* SBJSON.m */ = {isa = PBXFileReference; fileEncoding = 4; lastKnownFileType = sourcecode.c.objc; path = SBJSON.m; sourceTree = "<group>"; };
		1818D68E140E0991004DE3EF /* SBJsonBase.h */ = {isa = PBXFileReference; fileEncoding = 4; lastKnownFileType = sourcecode.c.h; path = SBJsonBase.h; sourceTree = "<group>"; };
		1818D68F140E0991004DE3EF /* SBJsonBase.m */ = {isa = PBXFileReference; fileEncoding = 4; lastKnownFileType = sourcecode.c.objc; path = SBJsonBase.m; sourceTree = "<group>"; };
		1818D690140E0991004DE3EF /* SBJsonParser.h */ = {isa = PBXFileReference; fileEncoding = 4; lastKnownFileType = sourcecode.c.h; path = SBJsonParser.h; sourceTree = "<group>"; };
		1818D691140E0991004DE3EF /* SBJsonParser.m */ = {isa = PBXFileReference; fileEncoding = 4; lastKnownFileType = sourcecode.c.objc; path = SBJsonParser.m; sourceTree = "<group>"; };
		1818D692140E0991004DE3EF /* SBJsonWriter.h */ = {isa = PBXFileReference; fileEncoding = 4; lastKnownFileType = sourcecode.c.h; path = SBJsonWriter.h; sourceTree = "<group>"; };
		1818D693140E0991004DE3EF /* SBJsonWriter.m */ = {isa = PBXFileReference; fileEncoding = 4; lastKnownFileType = sourcecode.c.objc; path = SBJsonWriter.m; sourceTree = "<group>"; };
		1818D6CF140E0BDB004DE3EF /* webService.h */ = {isa = PBXFileReference; fileEncoding = 4; lastKnownFileType = sourcecode.c.h; path = webService.h; sourceTree = "<group>"; };
		1818D6D0140E0BDB004DE3EF /* webService.m */ = {isa = PBXFileReference; fileEncoding = 4; lastKnownFileType = sourcecode.c.objc; path = webService.m; sourceTree = "<group>"; };
		1818D71C140E1006004DE3EF /* WSPContinuous.h */ = {isa = PBXFileReference; fileEncoding = 4; lastKnownFileType = sourcecode.c.h; path = WSPContinuous.h; sourceTree = "<group>"; };
		1818D71D140E1007004DE3EF /* WSPContinuous.m */ = {isa = PBXFileReference; fileEncoding = 4; lastKnownFileType = sourcecode.c.objc; path = WSPContinuous.m; sourceTree = "<group>"; };
		1818D7F5140E3595004DE3EF /* NSDataAdditions.h */ = {isa = PBXFileReference; fileEncoding = 4; lastKnownFileType = sourcecode.c.h; path = NSDataAdditions.h; sourceTree = "<group>"; };
		1818D7F6140E3595004DE3EF /* NSDataAdditions.m */ = {isa = PBXFileReference; fileEncoding = 4; lastKnownFileType = sourcecode.c.objc; path = NSDataAdditions.m; sourceTree = "<group>"; };
		1818D7F7140E3595004DE3EF /* TBXML.h */ = {isa = PBXFileReference; fileEncoding = 4; lastKnownFileType = sourcecode.c.h; path = TBXML.h; sourceTree = "<group>"; };
		1818D7F8140E3595004DE3EF /* TBXML.m */ = {isa = PBXFileReference; fileEncoding = 4; lastKnownFileType = sourcecode.c.objc; path = TBXML.m; sourceTree = "<group>"; };
		1818D814140E3744004DE3EF /* libxml2.dylib */ = {isa = PBXFileReference; lastKnownFileType = "compiled.mach-o.dylib"; name = libxml2.dylib; path = usr/lib/libxml2.dylib; sourceTree = SDKROOT; };
		1818D82F140E37D1004DE3EF /* GDataXMLNode.h */ = {isa = PBXFileReference; fileEncoding = 4; lastKnownFileType = sourcecode.c.h; path = GDataXMLNode.h; sourceTree = "<group>"; };
		1818D830140E37D1004DE3EF /* GDataXMLNode.m */ = {isa = PBXFileReference; fileEncoding = 4; lastKnownFileType = sourcecode.c.objc; path = GDataXMLNode.m; sourceTree = "<group>"; };
		1818D869140E3A96004DE3EF /* GdataParser.h */ = {isa = PBXFileReference; fileEncoding = 4; lastKnownFileType = sourcecode.c.h; path = GdataParser.h; sourceTree = "<group>"; };
		1818D86A140E3A96004DE3EF /* GdataParser.m */ = {isa = PBXFileReference; fileEncoding = 4; lastKnownFileType = sourcecode.c.objc; path = GdataParser.m; sourceTree = "<group>"; };
		1818D979140E504C004DE3EF /* TBxmlParser.h */ = {isa = PBXFileReference; fileEncoding = 4; lastKnownFileType = sourcecode.c.h; path = TBxmlParser.h; sourceTree = "<group>"; };
		1818D97A140E504C004DE3EF /* TBxmlParser.m */ = {isa = PBXFileReference; fileEncoding = 4; lastKnownFileType = sourcecode.c.objc; path = TBxmlParser.m; sourceTree = "<group>"; };
		1818DA70140E6627004DE3EF /* JSONParser.h */ = {isa = PBXFileReference; fileEncoding = 4; lastKnownFileType = sourcecode.c.h; path = JSONParser.h; sourceTree = "<group>"; };
		1818DA71140E6627004DE3EF /* JSONParser.m */ = {isa = PBXFileReference; fileEncoding = 4; lastKnownFileType = sourcecode.c.objc; path = JSONParser.m; sourceTree = "<group>"; };
		1D30AB110D05D00D00671497 /* Foundation.framework */ = {isa = PBXFileReference; lastKnownFileType = wrapper.framework; name = Foundation.framework; path = System/Library/Frameworks/Foundation.framework; sourceTree = SDKROOT; };
		1D3623240D0F684500981E51 /* TestWebServiceAppDelegate.h */ = {isa = PBXFileReference; fileEncoding = 4; lastKnownFileType = sourcecode.c.h; path = TestWebServiceAppDelegate.h; sourceTree = "<group>"; };
		1D3623250D0F684500981E51 /* TestWebServiceAppDelegate.m */ = {isa = PBXFileReference; fileEncoding = 4; lastKnownFileType = sourcecode.c.objc; path = TestWebServiceAppDelegate.m; sourceTree = "<group>"; };
		1D6058910D05DD3D006BFB54 /* TestWebService.app */ = {isa = PBXFileReference; explicitFileType = wrapper.application; includeInIndex = 0; path = TestWebService.app; sourceTree = BUILT_PRODUCTS_DIR; };
		1DF5F4DF0D08C38300B7A737 /* UIKit.framework */ = {isa = PBXFileReference; lastKnownFileType = wrapper.framework; name = UIKit.framework; path = System/Library/Frameworks/UIKit.framework; sourceTree = SDKROOT; };
		288765A40DF7441C002DB57D /* CoreGraphics.framework */ = {isa = PBXFileReference; lastKnownFileType = wrapper.framework; name = CoreGraphics.framework; path = System/Library/Frameworks/CoreGraphics.framework; sourceTree = SDKROOT; };
		2899E5210DE3E06400AC0155 /* TestWebServiceViewController.xib */ = {isa = PBXFileReference; lastKnownFileType = file.xib; path = TestWebServiceViewController.xib; sourceTree = "<group>"; };
		28AD733E0D9D9553002E5188 /* MainWindow.xib */ = {isa = PBXFileReference; lastKnownFileType = file.xib; path = MainWindow.xib; sourceTree = "<group>"; };
		28D7ACF60DDB3853001CB0EB /* TestWebServiceViewController.h */ = {isa = PBXFileReference; fileEncoding = 4; lastKnownFileType = sourcecode.c.h; path = TestWebServiceViewController.h; sourceTree = "<group>"; };
		28D7ACF70DDB3853001CB0EB /* TestWebServiceViewController.m */ = {isa = PBXFileReference; fileEncoding = 4; lastKnownFileType = sourcecode.c.objc; path = TestWebServiceViewController.m; sourceTree = "<group>"; };
		29B97316FDCFA39411CA2CEA /* main.m */ = {isa = PBXFileReference; fileEncoding = 4; lastKnownFileType = sourcecode.c.objc; path = main.m; sourceTree = "<group>"; };
		32CA4F630368D1EE00C91783 /* TestWebService_Prefix.pch */ = {isa = PBXFileReference; fileEncoding = 4; lastKnownFileType = sourcecode.c.h; path = TestWebService_Prefix.pch; sourceTree = "<group>"; };
		8D1107310486CEB800E47090 /* TestWebService-Info.plist */ = {isa = PBXFileReference; fileEncoding = 4; lastKnownFileType = text.plist.xml; path = "TestWebService-Info.plist"; plistStructureDefinitionIdentifier = "com.apple.xcode.plist.structure-definition.iphone.info-plist"; sourceTree = "<group>"; };
		96DAF2EF14179C9D00092A5E /* GDataXMLElementAdditions.h */ = {isa = PBXFileReference; fileEncoding = 4; lastKnownFileType = sourcecode.c.h; path = GDataXMLElementAdditions.h; sourceTree = "<group>"; };
		96DAF2F114179CA000092A5E /* GDataXMLElementAdditions.m */ = {isa = PBXFileReference; fileEncoding = 4; lastKnownFileType = sourcecode.c.objc; path = GDataXMLElementAdditions.m; sourceTree = "<group>"; };
		96FAA6611480CCC000313964 /* section1.xml */ = {isa = PBXFileReference; fileEncoding = 4; lastKnownFileType = text.xml; path = section1.xml; sourceTree = "<group>"; };
		96FAA6641480CE2500313964 /* libz.1.2.5.dylib */ = {isa = PBXFileReference; lastKnownFileType = "compiled.mach-o.dylib"; name = libz.1.2.5.dylib; path = usr/lib/libz.1.2.5.dylib; sourceTree = SDKROOT; };
/* End PBXFileReference section */

/* Begin PBXFrameworksBuildPhase section */
		1D60588F0D05DD3D006BFB54 /* Frameworks */ = {
			isa = PBXFrameworksBuildPhase;
			buildActionMask = 2147483647;
			files = (
				96FAA6651480CE2500313964 /* libz.1.2.5.dylib in Frameworks */,
				1D60589F0D05DD5A006BFB54 /* Foundation.framework in Frameworks */,
				1DF5F4E00D08C38300B7A737 /* UIKit.framework in Frameworks */,
				288765A50DF7441C002DB57D /* CoreGraphics.framework in Frameworks */,
				1818D815140E3744004DE3EF /* libxml2.dylib in Frameworks */,
			);
			runOnlyForDeploymentPostprocessing = 0;
		};
/* End PBXFrameworksBuildPhase section */

/* Begin PBXGroup section */
		080E96DDFE201D6D7F000001 /* Classes */ = {
			isa = PBXGroup;
			children = (
				1D3623240D0F684500981E51 /* TestWebServiceAppDelegate.h */,
				1D3623250D0F684500981E51 /* TestWebServiceAppDelegate.m */,
				28D7ACF60DDB3853001CB0EB /* TestWebServiceViewController.h */,
				28D7ACF70DDB3853001CB0EB /* TestWebServiceViewController.m */,
			);
			path = Classes;
			sourceTree = "<group>";
		};
		1818D686140E0991004DE3EF /* JSON */ = {
			isa = PBXGroup;
			children = (
				1818D687140E0991004DE3EF /* JSON.h */,
				1818D688140E0991004DE3EF /* NSObject+SBJSON.h */,
				1818D689140E0991004DE3EF /* NSObject+SBJSON.m */,
				1818D68A140E0991004DE3EF /* NSString+SBJSON.h */,
				1818D68B140E0991004DE3EF /* NSString+SBJSON.m */,
				1818D68C140E0991004DE3EF /* SBJSON.h */,
				1818D68D140E0991004DE3EF /* SBJSON.m */,
				1818D68E140E0991004DE3EF /* SBJsonBase.h */,
				1818D68F140E0991004DE3EF /* SBJsonBase.m */,
				1818D690140E0991004DE3EF /* SBJsonParser.h */,
				1818D691140E0991004DE3EF /* SBJsonParser.m */,
				1818D692140E0991004DE3EF /* SBJsonWriter.h */,
				1818D693140E0991004DE3EF /* SBJsonWriter.m */,
				1818DA70140E6627004DE3EF /* JSONParser.h */,
				1818DA71140E6627004DE3EF /* JSONParser.m */,
			);
			path = JSON;
			sourceTree = "<group>";
		};
		1818D6BA140E0B3E004DE3EF /* XML */ = {
			isa = PBXGroup;
			children = (
				1818D6CF140E0BDB004DE3EF /* webService.h */,
				1818D6D0140E0BDB004DE3EF /* webService.m */,
				1818D71C140E1006004DE3EF /* WSPContinuous.h */,
				1818D71D140E1007004DE3EF /* WSPContinuous.m */,
			);
			name = XML;
			sourceTree = "<group>";
		};
		1818D7FB140E359C004DE3EF /* TBXML */ = {
			isa = PBXGroup;
			children = (
				1818D7F5140E3595004DE3EF /* NSDataAdditions.h */,
				1818D7F6140E3595004DE3EF /* NSDataAdditions.m */,
				1818D7F7140E3595004DE3EF /* TBXML.h */,
				1818D7F8140E3595004DE3EF /* TBXML.m */,
				1818D979140E504C004DE3EF /* TBxmlParser.h */,
				1818D97A140E504C004DE3EF /* TBxmlParser.m */,
			);
			name = TBXML;
			sourceTree = "<group>";
		};
		1818D86C140E3C08004DE3EF /* GDataXML */ = {
			isa = PBXGroup;
			children = (
				96DAF2F114179CA000092A5E /* GDataXMLElementAdditions.m */,
				96DAF2EF14179C9D00092A5E /* GDataXMLElementAdditions.h */,
				1818D82F140E37D1004DE3EF /* GDataXMLNode.h */,
				1818D830140E37D1004DE3EF /* GDataXMLNode.m */,
				1818D869140E3A96004DE3EF /* GdataParser.h */,
				1818D86A140E3A96004DE3EF /* GdataParser.m */,
			);
			name = GDataXML;
			sourceTree = "<group>";
		};
		19C28FACFE9D520D11CA2CBB /* Products */ = {
			isa = PBXGroup;
			children = (
				1D6058910D05DD3D006BFB54 /* TestWebService.app */,
			);
			name = Products;
			sourceTree = "<group>";
		};
		29B97314FDCFA39411CA2CEA /* CustomTemplate */ = {
			isa = PBXGroup;
			children = (
				96FAA6641480CE2500313964 /* libz.1.2.5.dylib */,
				1818D86C140E3C08004DE3EF /* GDataXML */,
				1818D7FB140E359C004DE3EF /* TBXML */,
				1818D6BA140E0B3E004DE3EF /* XML */,
				1818D686140E0991004DE3EF /* JSON */,
				080E96DDFE201D6D7F000001 /* Classes */,
				29B97315FDCFA39411CA2CEA /* Other Sources */,
				29B97317FDCFA39411CA2CEA /* Resources */,
				29B97323FDCFA39411CA2CEA /* Frameworks */,
				19C28FACFE9D520D11CA2CBB /* Products */,
			);
			name = CustomTemplate;
			sourceTree = "<group>";
		};
		29B97315FDCFA39411CA2CEA /* Other Sources */ = {
			isa = PBXGroup;
			children = (
				32CA4F630368D1EE00C91783 /* TestWebService_Prefix.pch */,
				29B97316FDCFA39411CA2CEA /* main.m */,
			);
			name = "Other Sources";
			sourceTree = "<group>";
		};
		29B97317FDCFA39411CA2CEA /* Resources */ = {
			isa = PBXGroup;
			children = (
				96FAA6611480CCC000313964 /* section1.xml */,
				2899E5210DE3E06400AC0155 /* TestWebServiceViewController.xib */,
				28AD733E0D9D9553002E5188 /* MainWindow.xib */,
				8D1107310486CEB800E47090 /* TestWebService-Info.plist */,
			);
			name = Resources;
			sourceTree = "<group>";
		};
		29B97323FDCFA39411CA2CEA /* Frameworks */ = {
			isa = PBXGroup;
			children = (
				1DF5F4DF0D08C38300B7A737 /* UIKit.framework */,
				1D30AB110D05D00D00671497 /* Foundation.framework */,
				288765A40DF7441C002DB57D /* CoreGraphics.framework */,
				1818D814140E3744004DE3EF /* libxml2.dylib */,
			);
			name = Frameworks;
			sourceTree = "<group>";
		};
/* End PBXGroup section */

/* Begin PBXNativeTarget section */
		1D6058900D05DD3D006BFB54 /* TestWebService */ = {
			isa = PBXNativeTarget;
			buildConfigurationList = 1D6058960D05DD3E006BFB54 /* Build configuration list for PBXNativeTarget "TestWebService" */;
			buildPhases = (
				1D60588D0D05DD3D006BFB54 /* Resources */,
				1D60588E0D05DD3D006BFB54 /* Sources */,
				1D60588F0D05DD3D006BFB54 /* Frameworks */,
			);
			buildRules = (
			);
			dependencies = (
			);
			name = TestWebService;
			productName = TestWebService;
			productReference = 1D6058910D05DD3D006BFB54 /* TestWebService.app */;
			productType = "com.apple.product-type.application";
		};
/* End PBXNativeTarget section */

/* Begin PBXProject section */
		29B97313FDCFA39411CA2CEA /* Project object */ = {
			isa = PBXProject;
			buildConfigurationList = C01FCF4E08A954540054247B /* Build configuration list for PBXProject "TestWebService" */;
			compatibilityVersion = "Xcode 3.1";
			developmentRegion = English;
			hasScannedForEncodings = 1;
			knownRegions = (
				English,
				Japanese,
				French,
				German,
			);
			mainGroup = 29B97314FDCFA39411CA2CEA /* CustomTemplate */;
			projectDirPath = "";
			projectRoot = "";
			targets = (
				1D6058900D05DD3D006BFB54 /* TestWebService */,
			);
		};
/* End PBXProject section */

/* Begin PBXResourcesBuildPhase section */
		1D60588D0D05DD3D006BFB54 /* Resources */ = {
			isa = PBXResourcesBuildPhase;
			buildActionMask = 2147483647;
			files = (
				28AD733F0D9D9553002E5188 /* MainWindow.xib in Resources */,
				2899E5220DE3E06400AC0155 /* TestWebServiceViewController.xib in Resources */,
				96FAA6621480CCC000313964 /* section1.xml in Resources */,
			);
			runOnlyForDeploymentPostprocessing = 0;
		};
/* End PBXResourcesBuildPhase section */

/* Begin PBXSourcesBuildPhase section */
		1D60588E0D05DD3D006BFB54 /* Sources */ = {
			isa = PBXSourcesBuildPhase;
			buildActionMask = 2147483647;
			files = (
				1D60589B0D05DD56006BFB54 /* main.m in Sources */,
				1D3623260D0F684500981E51 /* TestWebServiceAppDelegate.m in Sources */,
				28D7ACF80DDB3853001CB0EB /* TestWebServiceViewController.m in Sources */,
				1818D696140E0991004DE3EF /* NSObject+SBJSON.m in Sources */,
				1818D697140E0991004DE3EF /* NSString+SBJSON.m in Sources */,
				1818D698140E0991004DE3EF /* SBJSON.m in Sources */,
				1818D699140E0991004DE3EF /* SBJsonBase.m in Sources */,
				1818D69A140E0991004DE3EF /* SBJsonParser.m in Sources */,
				1818D69B140E0991004DE3EF /* SBJsonWriter.m in Sources */,
				1818D6D1140E0BDB004DE3EF /* webService.m in Sources */,
				1818D71E140E1007004DE3EF /* WSPContinuous.m in Sources */,
				1818D7F9140E3595004DE3EF /* NSDataAdditions.m in Sources */,
				1818D7FA140E3595004DE3EF /* TBXML.m in Sources */,
				1818D831140E37D1004DE3EF /* GDataXMLNode.m in Sources */,
				1818D86B140E3A96004DE3EF /* GdataParser.m in Sources */,
				1818D97B140E504C004DE3EF /* TBxmlParser.m in Sources */,
				1818DA72140E6627004DE3EF /* JSONParser.m in Sources */,
				96DAF2F214179CA000092A5E /* GDataXMLElementAdditions.m in Sources */,
			);
			runOnlyForDeploymentPostprocessing = 0;
		};
/* End PBXSourcesBuildPhase section */

/* Begin XCBuildConfiguration section */
		1D6058940D05DD3E006BFB54 /* Debug */ = {
			isa = XCBuildConfiguration;
			buildSettings = {
				ALWAYS_SEARCH_USER_PATHS = NO;
				COPY_PHASE_STRIP = NO;
				GCC_DYNAMIC_NO_PIC = NO;
				GCC_OPTIMIZATION_LEVEL = 0;
				GCC_PRECOMPILE_PREFIX_HEADER = YES;
				GCC_PREFIX_HEADER = TestWebService_Prefix.pch;
				INFOPLIST_FILE = "TestWebService-Info.plist";
				PRODUCT_NAME = TestWebService;
			};
			name = Debug;
		};
		1D6058950D05DD3E006BFB54 /* Release */ = {
			isa = XCBuildConfiguration;
			buildSettings = {
				ALWAYS_SEARCH_USER_PATHS = NO;
				COPY_PHASE_STRIP = YES;
				GCC_PRECOMPILE_PREFIX_HEADER = YES;
				GCC_PREFIX_HEADER = TestWebService_Prefix.pch;
				INFOPLIST_FILE = "TestWebService-Info.plist";
				PRODUCT_NAME = TestWebService;
				VALIDATE_PRODUCT = YES;
			};
			name = Release;
		};
		C01FCF4F08A954540054247B /* Debug */ = {
			isa = XCBuildConfiguration;
			buildSettings = {
				ARCHS = "$(ARCHS_STANDARD_32_BIT)";
				"CODE_SIGN_IDENTITY[sdk=iphoneos*]" = "iPhone Developer";
				GCC_C_LANGUAGE_STANDARD = c99;
				GCC_WARN_ABOUT_RETURN_TYPE = YES;
				GCC_WARN_UNUSED_VARIABLE = YES;
				HEADER_SEARCH_PATHS = /usr/include/libxml2;
				OTHER_LDFLAGS = "-lxml2";
				PREBINDING = NO;
				SDKROOT = iphoneos;
			};
			name = Debug;
		};
		C01FCF5008A954540054247B /* Release */ = {
			isa = XCBuildConfiguration;
			buildSettings = {
				ARCHS = "$(ARCHS_STANDARD_32_BIT)";
				"CODE_SIGN_IDENTITY[sdk=iphoneos*]" = "iPhone Developer";
				GCC_C_LANGUAGE_STANDARD = c99;
				GCC_WARN_ABOUT_RETURN_TYPE = YES;
				GCC_WARN_UNUSED_VARIABLE = YES;
				HEADER_SEARCH_PATHS = /usr/include/libxml2;
				OTHER_CFLAGS = "-DNS_BLOCK_ASSERTIONS=1";
				OTHER_LDFLAGS = "-lxml2";
				PREBINDING = NO;
				SDKROOT = iphoneos;
			};
			name = Release;
		};
/* End XCBuildConfiguration section */

/* Begin XCConfigurationList section */
		1D6058960D05DD3E006BFB54 /* Build configuration list for PBXNativeTarget "TestWebService" */ = {
			isa = XCConfigurationList;
			buildConfigurations = (
				1D6058940D05DD3E006BFB54 /* Debug */,
				1D6058950D05DD3E006BFB54 /* Release */,
			);
			defaultConfigurationIsVisible = 0;
			defaultConfigurationName = Release;
		};
		C01FCF4E08A954540054247B /* Build configuration list for PBXProject "TestWebService" */ = {
			isa = XCConfigurationList;
			buildConfigurations = (
				C01FCF4F08A954540054247B /* Debug */,
				C01FCF5008A954540054247B /* Release */,
			);
			defaultConfigurationIsVisible = 0;
			defaultConfigurationName = Release;
		};
/* End XCConfigurationList section */
	};
	rootObject = 29B97313FDCFA39411CA2CEA /* Project object */;
}
